// !$*UTF8*$!
{
	archiveVersion = 1;
	classes = {
	};
	objectVersion = 50;
	objects = {

/* Begin PBXBuildFile section */
		AE0F663123DEB81800EDE5C6 /* BookRowView.swift in Sources */ = {isa = PBXBuildFile; fileRef = AE0F663023DEB81800EDE5C6 /* BookRowView.swift */; };
		AE0F663623DEC26A00EDE5C6 /* BookModel.swift in Sources */ = {isa = PBXBuildFile; fileRef = AE0F663523DEC26A00EDE5C6 /* BookModel.swift */; };
		AE0F663823DEC3A800EDE5C6 /* BookListViewModel.swift in Sources */ = {isa = PBXBuildFile; fileRef = AE0F663723DEC3A800EDE5C6 /* BookListViewModel.swift */; };
		AE222F4623DAC41E00E55B22 /* AppDelegate.swift in Sources */ = {isa = PBXBuildFile; fileRef = AE222F4523DAC41E00E55B22 /* AppDelegate.swift */; };
		AE222F4823DAC41E00E55B22 /* SceneDelegate.swift in Sources */ = {isa = PBXBuildFile; fileRef = AE222F4723DAC41E00E55B22 /* SceneDelegate.swift */; };
		AE222F4A23DAC41E00E55B22 /* ViewController.swift in Sources */ = {isa = PBXBuildFile; fileRef = AE222F4923DAC41E00E55B22 /* ViewController.swift */; };
		AE222F4D23DAC41E00E55B22 /* Main.storyboard in Resources */ = {isa = PBXBuildFile; fileRef = AE222F4B23DAC41E00E55B22 /* Main.storyboard */; };
		AE222F4F23DAC42100E55B22 /* Assets.xcassets in Resources */ = {isa = PBXBuildFile; fileRef = AE222F4E23DAC42100E55B22 /* Assets.xcassets */; };
		AE222F5223DAC42100E55B22 /* LaunchScreen.storyboard in Resources */ = {isa = PBXBuildFile; fileRef = AE222F5023DAC42100E55B22 /* LaunchScreen.storyboard */; };
		AE222F5A23DAD2E800E55B22 /* BookListView.swift in Sources */ = {isa = PBXBuildFile; fileRef = AE222F5923DAD2E800E55B22 /* BookListView.swift */; };
		AE413C2623E08E1D00E8E8E5 /* NetworkManager.swift in Sources */ = {isa = PBXBuildFile; fileRef = AE413C2523E08E1D00E8E8E5 /* NetworkManager.swift */; };
		AE91525123E82CD100B59F11 /* Parser.swift in Sources */ = {isa = PBXBuildFile; fileRef = AE91525023E82CD100B59F11 /* Parser.swift */; };
/* End PBXBuildFile section */

/* Begin PBXFileReference section */
		AE0F663023DEB81800EDE5C6 /* BookRowView.swift */ = {isa = PBXFileReference; lastKnownFileType = sourcecode.swift; path = BookRowView.swift; sourceTree = "<group>"; };
		AE0F663523DEC26A00EDE5C6 /* BookModel.swift */ = {isa = PBXFileReference; lastKnownFileType = sourcecode.swift; path = BookModel.swift; sourceTree = "<group>"; };
		AE0F663723DEC3A800EDE5C6 /* BookListViewModel.swift */ = {isa = PBXFileReference; lastKnownFileType = sourcecode.swift; path = BookListViewModel.swift; sourceTree = "<group>"; };
		AE222F4223DAC41E00E55B22 /* MVVMSwiftUIDemo.app */ = {isa = PBXFileReference; explicitFileType = wrapper.application; includeInIndex = 0; path = MVVMSwiftUIDemo.app; sourceTree = BUILT_PRODUCTS_DIR; };
		AE222F4523DAC41E00E55B22 /* AppDelegate.swift */ = {isa = PBXFileReference; lastKnownFileType = sourcecode.swift; path = AppDelegate.swift; sourceTree = "<group>"; };
		AE222F4723DAC41E00E55B22 /* SceneDelegate.swift */ = {isa = PBXFileReference; lastKnownFileType = sourcecode.swift; path = SceneDelegate.swift; sourceTree = "<group>"; };
		AE222F4923DAC41E00E55B22 /* ViewController.swift */ = {isa = PBXFileReference; lastKnownFileType = sourcecode.swift; path = ViewController.swift; sourceTree = "<group>"; };
		AE222F4C23DAC41E00E55B22 /* Base */ = {isa = PBXFileReference; lastKnownFileType = file.storyboard; name = Base; path = Base.lproj/Main.storyboard; sourceTree = "<group>"; };
		AE222F4E23DAC42100E55B22 /* Assets.xcassets */ = {isa = PBXFileReference; lastKnownFileType = folder.assetcatalog; path = Assets.xcassets; sourceTree = "<group>"; };
		AE222F5123DAC42100E55B22 /* Base */ = {isa = PBXFileReference; lastKnownFileType = file.storyboard; name = Base; path = Base.lproj/LaunchScreen.storyboard; sourceTree = "<group>"; };
		AE222F5323DAC42100E55B22 /* Info.plist */ = {isa = PBXFileReference; lastKnownFileType = text.plist.xml; path = Info.plist; sourceTree = "<group>"; };
		AE222F5923DAD2E800E55B22 /* BookListView.swift */ = {isa = PBXFileReference; lastKnownFileType = sourcecode.swift; path = BookListView.swift; sourceTree = "<group>"; };
		AE413C2523E08E1D00E8E8E5 /* NetworkManager.swift */ = {isa = PBXFileReference; lastKnownFileType = sourcecode.swift; path = NetworkManager.swift; sourceTree = "<group>"; };
		AE91525023E82CD100B59F11 /* Parser.swift */ = {isa = PBXFileReference; lastKnownFileType = sourcecode.swift; path = Parser.swift; sourceTree = "<group>"; };
/* End PBXFileReference section */

/* Begin PBXFrameworksBuildPhase section */
		AE222F3F23DAC41E00E55B22 /* Frameworks */ = {
			isa = PBXFrameworksBuildPhase;
			buildActionMask = 2147483647;
			files = (
			);
			runOnlyForDeploymentPostprocessing = 0;
		};
/* End PBXFrameworksBuildPhase section */

/* Begin PBXGroup section */
		AE222F3923DAC41E00E55B22 = {
			isa = PBXGroup;
			children = (
				AE222F4423DAC41E00E55B22 /* MVVMSwiftUIDemo */,
				AE222F4323DAC41E00E55B22 /* Products */,
			);
			sourceTree = "<group>";
		};
		AE222F4323DAC41E00E55B22 /* Products */ = {
			isa = PBXGroup;
			children = (
				AE222F4223DAC41E00E55B22 /* MVVMSwiftUIDemo.app */,
			);
			name = Products;
			sourceTree = "<group>";
		};
		AE222F4423DAC41E00E55B22 /* MVVMSwiftUIDemo */ = {
			isa = PBXGroup;
			children = (
				AE222F4523DAC41E00E55B22 /* AppDelegate.swift */,
				AE222F4723DAC41E00E55B22 /* SceneDelegate.swift */,
				AE222F4923DAC41E00E55B22 /* ViewController.swift */,
				AE222F5923DAD2E800E55B22 /* BookListView.swift */,
				AE0F663023DEB81800EDE5C6 /* BookRowView.swift */,
				AE0F663723DEC3A800EDE5C6 /* BookListViewModel.swift */,
				AE0F663523DEC26A00EDE5C6 /* BookModel.swift */,
				AE91525023E82CD100B59F11 /* Parser.swift */,
				AE413C2523E08E1D00E8E8E5 /* NetworkManager.swift */,
				AE222F4B23DAC41E00E55B22 /* Main.storyboard */,
				AE222F4E23DAC42100E55B22 /* Assets.xcassets */,
				AE222F5023DAC42100E55B22 /* LaunchScreen.storyboard */,
				AE222F5323DAC42100E55B22 /* Info.plist */,
			);
			path = MVVMSwiftUIDemo;
			sourceTree = "<group>";
		};
/* End PBXGroup section */

/* Begin PBXNativeTarget section */
		AE222F4123DAC41E00E55B22 /* MVVMSwiftUIDemo */ = {
			isa = PBXNativeTarget;
			buildConfigurationList = AE222F5623DAC42100E55B22 /* Build configuration list for PBXNativeTarget "MVVMSwiftUIDemo" */;
			buildPhases = (
				AE222F3E23DAC41E00E55B22 /* Sources */,
				AE222F3F23DAC41E00E55B22 /* Frameworks */,
				AE222F4023DAC41E00E55B22 /* Resources */,
			);
			buildRules = (
			);
			dependencies = (
			);
			name = MVVMSwiftUIDemo;
			productName = MVVMSwiftUIDemo;
			productReference = AE222F4223DAC41E00E55B22 /* MVVMSwiftUIDemo.app */;
			productType = "com.apple.product-type.application";
		};
/* End PBXNativeTarget section */

/* Begin PBXProject section */
		AE222F3A23DAC41E00E55B22 /* Project object */ = {
			isa = PBXProject;
			attributes = {
				LastSwiftUpdateCheck = 1130;
				LastUpgradeCheck = 1130;
				ORGANIZATIONNAME = "Guchhait, Saikat";
				TargetAttributes = {
					AE222F4123DAC41E00E55B22 = {
						CreatedOnToolsVersion = 11.3.1;
					};
				};
			};
			buildConfigurationList = AE222F3D23DAC41E00E55B22 /* Build configuration list for PBXProject "MVVMSwiftUIDemo" */;
			compatibilityVersion = "Xcode 9.3";
			developmentRegion = en;
			hasScannedForEncodings = 0;
			knownRegions = (
				en,
				Base,
			);
			mainGroup = AE222F3923DAC41E00E55B22;
			productRefGroup = AE222F4323DAC41E00E55B22 /* Products */;
			projectDirPath = "";
			projectRoot = "";
			targets = (
				AE222F4123DAC41E00E55B22 /* MVVMSwiftUIDemo */,
			);
		};
/* End PBXProject section */

/* Begin PBXResourcesBuildPhase section */
		AE222F4023DAC41E00E55B22 /* Resources */ = {
			isa = PBXResourcesBuildPhase;
			buildActionMask = 2147483647;
			files = (
				AE222F5223DAC42100E55B22 /* LaunchScreen.storyboard in Resources */,
				AE222F4F23DAC42100E55B22 /* Assets.xcassets in Resources */,
				AE222F4D23DAC41E00E55B22 /* Main.storyboard in Resources */,
			);
			runOnlyForDeploymentPostprocessing = 0;
		};
/* End PBXResourcesBuildPhase section */

/* Begin PBXSourcesBuildPhase section */
		AE222F3E23DAC41E00E55B22 /* Sources */ = {
			isa = PBXSourcesBuildPhase;
			buildActionMask = 2147483647;
			files = (
				AE0F663623DEC26A00EDE5C6 /* BookModel.swift in Sources */,
				AE0F663823DEC3A800EDE5C6 /* BookListViewModel.swift in Sources */,
				AE222F5A23DAD2E800E55B22 /* BookListView.swift in Sources */,
				AE0F663123DEB81800EDE5C6 /* BookRowView.swift in Sources */,
				AE413C2623E08E1D00E8E8E5 /* NetworkManager.swift in Sources */,
				AE91525123E82CD100B59F11 /* Parser.swift in Sources */,
				AE222F4A23DAC41E00E55B22 /* ViewController.swift in Sources */,
				AE222F4623DAC41E00E55B22 /* AppDelegate.swift in Sources */,
				AE222F4823DAC41E00E55B22 /* SceneDelegate.swift in Sources */,
			);
			runOnlyForDeploymentPostprocessing = 0;
		};
/* End PBXSourcesBuildPhase section */

/* Begin PBXVariantGroup section */
		AE222F4B23DAC41E00E55B22 /* Main.storyboard */ = {
			isa = PBXVariantGroup;
			children = (
				AE222F4C23DAC41E00E55B22 /* Base */,
			);
			name = Main.storyboard;
			sourceTree = "<group>";
		};
		AE222F5023DAC42100E55B22 /* LaunchScreen.storyboard */ = {
			isa = PBXVariantGroup;
			children = (
				AE222F5123DAC42100E55B22 /* Base */,
			);
			name = LaunchScreen.storyboard;
			sourceTree = "<group>";
		};
/* End PBXVariantGroup section */

/* Begin XCBuildConfiguration section */
		AE222F5423DAC42100E55B22 /* Debug */ = {
			isa = XCBuildConfiguration;
			buildSettings = {
				ALWAYS_SEARCH_USER_PATHS = NO;
				CLANG_ANALYZER_NONNULL = YES;
				CLANG_ANALYZER_NUMBER_OBJECT_CONVERSION = YES_AGGRESSIVE;
				CLANG_CXX_LANGUAGE_STANDARD = "gnu++14";
				CLANG_CXX_LIBRARY = "libc++";
				CLANG_ENABLE_MODULES = YES;
				CLANG_ENABLE_OBJC_ARC = YES;
				CLANG_ENABLE_OBJC_WEAK = YES;
				CLANG_WARN_BLOCK_CAPTURE_AUTORELEASING = YES;
				CLANG_WARN_BOOL_CONVERSION = YES;
				CLANG_WARN_COMMA = YES;
				CLANG_WARN_CONSTANT_CONVERSION = YES;
				CLANG_WARN_DEPRECATED_OBJC_IMPLEMENTATIONS = YES;
				CLANG_WARN_DIRECT_OBJC_ISA_USAGE = YES_ERROR;
				CLANG_WARN_DOCUMENTATION_COMMENTS = YES;
				CLANG_WARN_EMPTY_BODY = YES;
				CLANG_WARN_ENUM_CONVERSION = YES;
				CLANG_WARN_INFINITE_RECURSION = YES;
				CLANG_WARN_INT_CONVERSION = YES;
				CLANG_WARN_NON_LITERAL_NULL_CONVERSION = YES;
				CLANG_WARN_OBJC_IMPLICIT_RETAIN_SELF = YES;
				CLANG_WARN_OBJC_LITERAL_CONVERSION = YES;
				CLANG_WARN_OBJC_ROOT_CLASS = YES_ERROR;
				CLANG_WARN_RANGE_LOOP_ANALYSIS = YES;
				CLANG_WARN_STRICT_PROTOTYPES = YES;
				CLANG_WARN_SUSPICIOUS_MOVE = YES;
				CLANG_WARN_UNGUARDED_AVAILABILITY = YES_AGGRESSIVE;
				CLANG_WARN_UNREACHABLE_CODE = YES;
				CLANG_WARN__DUPLICATE_METHOD_MATCH = YES;
				COPY_PHASE_STRIP = NO;
				DEBUG_INFORMATION_FORMAT = dwarf;
				ENABLE_STRICT_OBJC_MSGSEND = YES;
				ENABLE_TESTABILITY = YES;
				GCC_C_LANGUAGE_STANDARD = gnu11;
				GCC_DYNAMIC_NO_PIC = NO;
				GCC_NO_COMMON_BLOCKS = YES;
				GCC_OPTIMIZATION_LEVEL = 0;
				GCC_PREPROCESSOR_DEFINITIONS = (
					"DEBUG=1",
					"$(inherited)",
				);
				GCC_WARN_64_TO_32_BIT_CONVERSION = YES;
				GCC_WARN_ABOUT_RETURN_TYPE = YES_ERROR;
				GCC_WARN_UNDECLARED_SELECTOR = YES;
				GCC_WARN_UNINITIALIZED_AUTOS = YES_AGGRESSIVE;
				GCC_WARN_UNUSED_FUNCTION = YES;
				GCC_WARN_UNUSED_VARIABLE = YES;
				IPHONEOS_DEPLOYMENT_TARGET = 13.2;
				MTL_ENABLE_DEBUG_INFO = INCLUDE_SOURCE;
				MTL_FAST_MATH = YES;
				ONLY_ACTIVE_ARCH = YES;
				SDKROOT = iphoneos;
				SWIFT_ACTIVE_COMPILATION_CONDITIONS = DEBUG;
				SWIFT_OPTIMIZATION_LEVEL = "-Onone";
			};
			name = Debug;
		};
		AE222F5523DAC42100E55B22 /* Release */ = {
			isa = XCBuildConfiguration;
			buildSettings = {
				ALWAYS_SEARCH_USER_PATHS = NO;
				CLANG_ANALYZER_NONNULL = YES;
				CLANG_ANALYZER_NUMBER_OBJECT_CONVERSION = YES_AGGRESSIVE;
				CLANG_CXX_LANGUAGE_STANDARD = "gnu++14";
				CLANG_CXX_LIBRARY = "libc++";
				CLANG_ENABLE_MODULES = YES;
				CLANG_ENABLE_OBJC_ARC = YES;
				CLANG_ENABLE_OBJC_WEAK = YES;
				CLANG_WARN_BLOCK_CAPTURE_AUTORELEASING = YES;
				CLANG_WARN_BOOL_CONVERSION = YES;
				CLANG_WARN_COMMA = YES;
				CLANG_WARN_CONSTANT_CONVERSION = YES;
				CLANG_WARN_DEPRECATED_OBJC_IMPLEMENTATIONS = YES;
				CLANG_WARN_DIRECT_OBJC_ISA_USAGE = YES_ERROR;
				CLANG_WARN_DOCUMENTATION_COMMENTS = YES;
				CLANG_WARN_EMPTY_BODY = YES;
				CLANG_WARN_ENUM_CONVERSION = YES;
				CLANG_WARN_INFINITE_RECURSION = YES;
				CLANG_WARN_INT_CONVERSION = YES;
				CLANG_WARN_NON_LITERAL_NULL_CONVERSION = YES;
				CLANG_WARN_OBJC_IMPLICIT_RETAIN_SELF = YES;
				CLANG_WARN_OBJC_LITERAL_CONVERSION = YES;
				CLANG_WARN_OBJC_ROOT_CLASS = YES_ERROR;
				CLANG_WARN_RANGE_LOOP_ANALYSIS = YES;
				CLANG_WARN_STRICT_PROTOTYPES = YES;
				CLANG_WARN_SUSPICIOUS_MOVE = YES;
				CLANG_WARN_UNGUARDED_AVAILABILITY = YES_AGGRESSIVE;
				CLANG_WARN_UNREACHABLE_CODE = YES;
				CLANG_WARN__DUPLICATE_METHOD_MATCH = YES;
				COPY_PHASE_STRIP = NO;
				DEBUG_INFORMATION_FORMAT = "dwarf-with-dsym";
				ENABLE_NS_ASSERTIONS = NO;
				ENABLE_STRICT_OBJC_MSGSEND = YES;
				GCC_C_LANGUAGE_STANDARD = gnu11;
				GCC_NO_COMMON_BLOCKS = YES;
				GCC_WARN_64_TO_32_BIT_CONVERSION = YES;
				GCC_WARN_ABOUT_RETURN_TYPE = YES_ERROR;
				GCC_WARN_UNDECLARED_SELECTOR = YES;
				GCC_WARN_UNINITIALIZED_AUTOS = YES_AGGRESSIVE;
				GCC_WARN_UNUSED_FUNCTION = YES;
				GCC_WARN_UNUSED_VARIABLE = YES;
				IPHONEOS_DEPLOYMENT_TARGET = 13.2;
				MTL_ENABLE_DEBUG_INFO = NO;
				MTL_FAST_MATH = YES;
				SDKROOT = iphoneos;
				SWIFT_COMPILATION_MODE = wholemodule;
				SWIFT_OPTIMIZATION_LEVEL = "-O";
				VALIDATE_PRODUCT = YES;
			};
			name = Release;
		};
		AE222F5723DAC42100E55B22 /* Debug */ = {
			isa = XCBuildConfiguration;
			buildSettings = {
				ASSETCATALOG_COMPILER_APPICON_NAME = AppIcon;
				CODE_SIGN_STYLE = Automatic;
				DEVELOPMENT_TEAM = S2CD8KZ9GN;
				INFOPLIST_FILE = MVVMSwiftUIDemo/Info.plist;
				LD_RUNPATH_SEARCH_PATHS = (
					"$(inherited)",
					"@executable_path/Frameworks",
				);
				PRODUCT_BUNDLE_IDENTIFIER = com.practice.MVVMSwiftUIDemo;
				PRODUCT_NAME = "$(TARGET_NAME)";
				SWIFT_VERSION = 5.0;
				TARGETED_DEVICE_FAMILY = "1,2";
			};
			name = Debug;
		};
		AE222F5823DAC42100E55B22 /* Release */ = {
			isa = XCBuildConfiguration;
			buildSettings = {
				ASSETCATALOG_COMPILER_APPICON_NAME = AppIcon;
				CODE_SIGN_STYLE = Automatic;
				DEVELOPMENT_TEAM = S2CD8KZ9GN;
				INFOPLIST_FILE = MVVMSwiftUIDemo/Info.plist;
				LD_RUNPATH_SEARCH_PATHS = (
					"$(inherited)",
					"@executable_path/Frameworks",
				);
				PRODUCT_BUNDLE_IDENTIFIER = com.practice.MVVMSwiftUIDemo;
				PRODUCT_NAME = "$(TARGET_NAME)";
				SWIFT_VERSION = 5.0;
				TARGETED_DEVICE_FAMILY = "1,2";
			};
			name = Release;
		};
/* End XCBuildConfiguration section */

/* Begin XCConfigurationList section */
		AE222F3D23DAC41E00E55B22 /* Build configuration list for PBXProject "MVVMSwiftUIDemo" */ = {
			isa = XCConfigurationList;
			buildConfigurations = (
				AE222F5423DAC42100E55B22 /* Debug */,
				AE222F5523DAC42100E55B22 /* Release */,
			);
			defaultConfigurationIsVisible = 0;
			defaultConfigurationName = Release;
		};
		AE222F5623DAC42100E55B22 /* Build configuration list for PBXNativeTarget "MVVMSwiftUIDemo" */ = {
			isa = XCConfigurationList;
			buildConfigurations = (
				AE222F5723DAC42100E55B22 /* Debug */,
				AE222F5823DAC42100E55B22 /* Release */,
			);
			defaultConfigurationIsVisible = 0;
			defaultConfigurationName = Release;
		};
/* End XCConfigurationList section */
	};
	rootObject = AE222F3A23DAC41E00E55B22 /* Project object */;
}
